
Microsoft Visual Studio Solution File, Format Version 12.00
# Visual Studio Version 16
VisualStudioVersion = 16.0.32602.291
MinimumVisualStudioVersion = 10.0.40219.1
Project("{FAE04EC0-301F-11D3-BF4B-00C04F79EFBC}") = "TreyThomasDotCodes.RTraderProAutoLogin.App", "TreyThomasDotCodes.RTraderProAutoLogin.App\TreyThomasDotCodes.RTraderProAutoLogin.App.csproj", "{417C610F-25F3-4631-A4E3-565012F04FC4}"
EndProject
Global
	GlobalSection(SolutionConfigurationPlatforms) = preSolution
		Debug|Any CPU = Debug|Any CPU
		Release|Any CPU = Release|Any CPU
	EndGlobalSection
	GlobalSection(ProjectConfigurationPlatforms) = postSolution
		{417C610F-25F3-4631-A4E3-565012F04FC4}.Debug|Any CPU.ActiveCfg = Debug|Any CPU
		{417C610F-25F3-4631-A4E3-565012F04FC4}.Debug|Any CPU.Build.0 = Debug|Any CPU
		{417C610F-25F3-4631-A4E3-565012F04FC4}.Release|Any CPU.ActiveCfg = Release|Any CPU
		{417C610F-25F3-4631-A4E3-565012F04FC4}.Release|Any CPU.Build.0 = Release|Any CPU
	EndGlobalSection
	GlobalSection(SolutionProperties) = preSolution
		HideSolutionNode = FALSE
	EndGlobalSection
	GlobalSection(ExtensibilityGlobals) = postSolution
		SolutionGuid = {E8849D19-207B-42F6-B5CB-717810F1A995}
	EndGlobalSection
EndGlobal
